
Microsoft Visual Studio Solution File, Format Version 12.00
# Visual Studio Version 17
VisualStudioVersion = 17.4.33122.133
MinimumVisualStudioVersion = 10.0.40219.1
Project("{FAE04EC0-301F-11D3-BF4B-00C04F79EFBC}") = "PatientAPI", "PatientAPI\PatientAPI.csproj", "{22D085EE-E079-456A-AAE1-D83F818055F7}"
EndProject
Global
	GlobalSection(SolutionConfigurationPlatforms) = preSolution
		Debug|Any CPU = Debug|Any CPU
		Release|Any CPU = Release|Any CPU
	EndGlobalSection
	GlobalSection(ProjectConfigurationPlatforms) = postSolution
		{22D085EE-E079-456A-AAE1-D83F818055F7}.Debug|Any CPU.ActiveCfg = Debug|Any CPU
		{22D085EE-E079-456A-AAE1-D83F818055F7}.Debug|Any CPU.Build.0 = Debug|Any CPU
		{22D085EE-E079-456A-AAE1-D83F818055F7}.Release|Any CPU.ActiveCfg = Release|Any CPU
		{22D085EE-E079-456A-AAE1-D83F818055F7}.Release|Any CPU.Build.0 = Release|Any CPU
	EndGlobalSection
	GlobalSection(SolutionProperties) = preSolution
		HideSolutionNode = FALSE
	EndGlobalSection
	GlobalSection(ExtensibilityGlobals) = postSolution
		SolutionGuid = {570D97DF-A517-4506-B0F2-1C61536CA2AC}
	EndGlobalSection
EndGlobal
